{
  "version": 4,
  "terraform_version": "1.5.7",
  "serial": 59,
  "lineage": "544c077d-1f55-8653-47ce-474500cbbf17",
  "outputs": {},
  "resources": [
    {
      "module": "module.new_vpc",
      "mode": "managed",
      "type": "aws_internet_gateway",
      "name": "internet_gateway",
      "provider": "provider[\"registry.terraform.io/hashicorp/aws\"]",
      "instances": [
        {
          "schema_version": 0,
          "attributes": {
            "arn": "arn:aws:ec2:us-east-2:127996279847:internet-gateway/igw-044b0fa54a0427875",
            "id": "igw-044b0fa54a0427875",
            "owner_id": "127996279847",
            "region": "us-east-2",
            "tags": {
              "Name": "my-new-vpc-igw"
            },
            "tags_all": {
              "Name": "my-new-vpc-igw"
            },
            "timeouts": null,
            "vpc_id": "vpc-0fdb259309dcab5e3"
          },
          "sensitive_attributes": [],
          "private": "eyJlMmJmYjczMC1lY2FhLTExZTYtOGY4OC0zNDM2M2JjN2M0YzAiOnsiY3JlYXRlIjoxMjAwMDAwMDAwMDAwLCJkZWxldGUiOjEyMDAwMDAwMDAwMDAsInVwZGF0ZSI6MTIwMDAwMDAwMDAwMH19",
          "dependencies": [
            "module.new_vpc.aws_vpc.new_vpc"
          ]
        }
      ]
    },
    {
      "module": "module.new_vpc",
      "mode": "managed",
      "type": "aws_network_acl",
      "name": "app_nacl1",
      "provider": "provider[\"registry.terraform.io/hashicorp/aws\"]",
      "instances": [
        {
          "schema_version": 0,
          "attributes": {
            "arn": "arn:aws:ec2:us-east-2:127996279847:network-acl/acl-03ce2925f4ed05df3",
            "egress": [
              {
                "action": "allow",
                "cidr_block": "10.0.0.0/16",
                "from_port": 0,
                "icmp_code": 0,
                "icmp_type": 0,
                "ipv6_cidr_block": "",
                "protocol": "-1",
                "rule_no": 100,
                "to_port": 0
              }
            ],
            "id": "acl-03ce2925f4ed05df3",
            "ingress": [
              {
                "action": "allow",
                "cidr_block": "10.0.1.0/24",
                "from_port": 3306,
                "icmp_code": 0,
                "icmp_type": 0,
                "ipv6_cidr_block": "",
                "protocol": "6",
                "rule_no": 100,
                "to_port": 3306
              },
              {
                "action": "allow",
                "cidr_block": "10.0.2.0/24",
                "from_port": 3306,
                "icmp_code": 0,
                "icmp_type": 0,
                "ipv6_cidr_block": "",
                "protocol": "6",
                "rule_no": 101,
                "to_port": 3306
              }
            ],
            "owner_id": "127996279847",
            "region": "us-east-2",
            "subnet_ids": [
              "subnet-02e1514c6ddd7c30c",
              "subnet-05bc37191d6b20dc9"
            ],
            "tags": {
              "Name": "my-new-vpc-app-nacl"
            },
            "tags_all": {
              "Name": "my-new-vpc-app-nacl"
            },
            "vpc_id": "vpc-0fdb259309dcab5e3"
          },
          "sensitive_attributes": [],
          "private": "bnVsbA==",
          "dependencies": [
            "module.new_vpc.aws_vpc.new_vpc"
          ]
        }
      ]
    },
    {
      "module": "module.new_vpc",
      "mode": "managed",
      "type": "aws_network_acl",
      "name": "db_nacl1",
      "provider": "provider[\"registry.terraform.io/hashicorp/aws\"]",
      "instances": [
        {
          "schema_version": 0,
          "attributes": {
            "arn": "arn:aws:ec2:us-east-2:127996279847:network-acl/acl-085edbae8c9bf26c6",
            "egress": [
              {
                "action": "allow",
                "cidr_block": "10.0.0.0/16",
                "from_port": 0,
                "icmp_code": 0,
                "icmp_type": 0,
                "ipv6_cidr_block": "",
                "protocol": "-1",
                "rule_no": 100,
                "to_port": 0
              }
            ],
            "id": "acl-085edbae8c9bf26c6",
            "ingress": [
              {
                "action": "allow",
                "cidr_block": "10.0.3.0/24",
                "from_port": 3306,
                "icmp_code": 0,
                "icmp_type": 0,
                "ipv6_cidr_block": "",
                "protocol": "6",
                "rule_no": 100,
                "to_port": 3306
              },
              {
                "action": "allow",
                "cidr_block": "10.0.4.0/24",
                "from_port": 3306,
                "icmp_code": 0,
                "icmp_type": 0,
                "ipv6_cidr_block": "",
                "protocol": "6",
                "rule_no": 101,
                "to_port": 3306
              }
            ],
            "owner_id": "127996279847",
            "region": "us-east-2",
            "subnet_ids": [
              "subnet-02a39c9f27cf8637a",
              "subnet-0ac646af0a71fdde2"
            ],
            "tags": {
              "Name": "my-new-vpc-db-nacl"
            },
            "tags_all": {
              "Name": "my-new-vpc-db-nacl"
            },
            "vpc_id": "vpc-0fdb259309dcab5e3"
          },
          "sensitive_attributes": [],
          "private": "bnVsbA==",
          "dependencies": [
            "module.new_vpc.aws_vpc.new_vpc"
          ]
        }
      ]
    },
    {
      "module": "module.new_vpc",
      "mode": "managed",
      "type": "aws_network_acl",
      "name": "web_nacl1",
      "provider": "provider[\"registry.terraform.io/hashicorp/aws\"]",
      "instances": [
        {
          "schema_version": 0,
          "attributes": {
            "arn": "arn:aws:ec2:us-east-2:127996279847:network-acl/acl-03c23b3afd90ea584",
            "egress": [
              {
                "action": "allow",
                "cidr_block": "0.0.0.0/0",
                "from_port": 0,
                "icmp_code": 0,
                "icmp_type": 0,
                "ipv6_cidr_block": "",
                "protocol": "-1",
                "rule_no": 110,
                "to_port": 0
              },
              {
                "action": "allow",
                "cidr_block": "10.0.0.0/16",
                "from_port": 0,
                "icmp_code": 0,
                "icmp_type": 0,
                "ipv6_cidr_block": "",
                "protocol": "6",
                "rule_no": 100,
                "to_port": 0
              }
            ],
            "id": "acl-03c23b3afd90ea584",
            "ingress": [
              {
                "action": "allow",
                "cidr_block": "0.0.0.0/0",
                "from_port": 0,
                "icmp_code": 0,
                "icmp_type": 0,
                "ipv6_cidr_block": "",
                "protocol": "-1",
                "rule_no": 130,
                "to_port": 0
              },
              {
                "action": "allow",
                "cidr_block": "0.0.0.0/0",
                "from_port": 443,
                "icmp_code": 0,
                "icmp_type": 0,
                "ipv6_cidr_block": "",
                "protocol": "6",
                "rule_no": 120,
                "to_port": 443
              },
              {
                "action": "allow",
                "cidr_block": "0.0.0.0/0",
                "from_port": 80,
                "icmp_code": 0,
                "icmp_type": 0,
                "ipv6_cidr_block": "",
                "protocol": "6",
                "rule_no": 110,
                "to_port": 80
              },
              {
                "action": "allow",
                "cidr_block": "10.0.0.0/16",
                "from_port": 22,
                "icmp_code": 0,
                "icmp_type": 0,
                "ipv6_cidr_block": "",
                "protocol": "6",
                "rule_no": 100,
                "to_port": 22
              }
            ],
            "owner_id": "127996279847",
            "region": "us-east-2",
            "subnet_ids": [
              "subnet-040fc3dd1721df2e8",
              "subnet-0ff4ba43121d15199"
            ],
            "tags": {
              "Name": "my-new-vpc-web-nacl1"
            },
            "tags_all": {
              "Name": "my-new-vpc-web-nacl1"
            },
            "vpc_id": "vpc-0fdb259309dcab5e3"
          },
          "sensitive_attributes": [],
          "private": "bnVsbA==",
          "dependencies": [
            "module.new_vpc.aws_vpc.new_vpc"
          ]
        }
      ]
    },
    {
      "module": "module.new_vpc",
      "mode": "managed",
      "type": "aws_network_acl_association",
      "name": "app_assoc",
      "provider": "provider[\"registry.terraform.io/hashicorp/aws\"]",
      "instances": [
        {
          "index_key": 0,
          "schema_version": 0,
          "attributes": {
            "id": "aclassoc-06c35efd3a5a96e28",
            "network_acl_id": "acl-03ce2925f4ed05df3",
            "region": "us-east-2",
            "subnet_id": "subnet-05bc37191d6b20dc9"
          },
          "sensitive_attributes": [],
          "private": "bnVsbA==",
          "dependencies": [
            "module.new_vpc.aws_network_acl.app_nacl1",
            "module.new_vpc.aws_subnet.app_subnet",
            "module.new_vpc.aws_vpc.new_vpc"
          ]
        },
        {
          "index_key": 1,
          "schema_version": 0,
          "attributes": {
            "id": "aclassoc-0dfd4191e36bb627d",
            "network_acl_id": "acl-03ce2925f4ed05df3",
            "region": "us-east-2",
            "subnet_id": "subnet-02e1514c6ddd7c30c"
          },
          "sensitive_attributes": [],
          "private": "bnVsbA==",
          "dependencies": [
            "module.new_vpc.aws_network_acl.app_nacl1",
            "module.new_vpc.aws_subnet.app_subnet",
            "module.new_vpc.aws_vpc.new_vpc"
          ]
        }
      ]
    },
    {
      "module": "module.new_vpc",
      "mode": "managed",
      "type": "aws_network_acl_association",
      "name": "db_assoc",
      "provider": "provider[\"registry.terraform.io/hashicorp/aws\"]",
      "instances": [
        {
          "index_key": 0,
          "schema_version": 0,
          "attributes": {
            "id": "aclassoc-09487428835ca1b08",
            "network_acl_id": "acl-085edbae8c9bf26c6",
            "region": "us-east-2",
            "subnet_id": "subnet-0ac646af0a71fdde2"
          },
          "sensitive_attributes": [],
          "private": "bnVsbA==",
          "dependencies": [
            "module.new_vpc.aws_network_acl.db_nacl1",
            "module.new_vpc.aws_subnet.db_subnet",
            "module.new_vpc.aws_vpc.new_vpc"
          ]
        },
        {
          "index_key": 1,
          "schema_version": 0,
          "attributes": {
            "id": "aclassoc-05e3d974766c1aab7",
            "network_acl_id": "acl-085edbae8c9bf26c6",
            "region": "us-east-2",
            "subnet_id": "subnet-02a39c9f27cf8637a"
          },
          "sensitive_attributes": [],
          "private": "bnVsbA==",
          "dependencies": [
            "module.new_vpc.aws_network_acl.db_nacl1",
            "module.new_vpc.aws_subnet.db_subnet",
            "module.new_vpc.aws_vpc.new_vpc"
          ]
        }
      ]
    },
    {
      "module": "module.new_vpc",
      "mode": "managed",
      "type": "aws_network_acl_association",
      "name": "web_assoc",
      "provider": "provider[\"registry.terraform.io/hashicorp/aws\"]",
      "instances": [
        {
          "index_key": 0,
          "schema_version": 0,
          "attributes": {
            "id": "aclassoc-0208794e83d0c9108",
            "network_acl_id": "acl-03c23b3afd90ea584",
            "region": "us-east-2",
            "subnet_id": "subnet-040fc3dd1721df2e8"
          },
          "sensitive_attributes": [],
          "private": "bnVsbA==",
          "dependencies": [
            "module.new_vpc.aws_network_acl.web_nacl1",
            "module.new_vpc.aws_subnet.web_subnet",
            "module.new_vpc.aws_vpc.new_vpc"
          ]
        },
        {
          "index_key": 1,
          "schema_version": 0,
          "attributes": {
            "id": "aclassoc-01879c170ca9f7b13",
            "network_acl_id": "acl-03c23b3afd90ea584",
            "region": "us-east-2",
            "subnet_id": "subnet-0ff4ba43121d15199"
          },
          "sensitive_attributes": [],
          "private": "bnVsbA==",
          "dependencies": [
            "module.new_vpc.aws_network_acl.web_nacl1",
            "module.new_vpc.aws_subnet.web_subnet",
            "module.new_vpc.aws_vpc.new_vpc"
          ]
        }
      ]
    },
    {
      "module": "module.new_vpc",
      "mode": "managed",
      "type": "aws_route_table",
      "name": "app_subnet",
      "provider": "provider[\"registry.terraform.io/hashicorp/aws\"]",
      "instances": [
        {
          "schema_version": 0,
          "attributes": {
            "arn": "arn:aws:ec2:us-east-2:127996279847:route-table/rtb-08c4331389a8135a9",
            "id": "rtb-08c4331389a8135a9",
            "owner_id": "127996279847",
            "propagating_vgws": [],
            "region": "us-east-2",
            "route": [],
            "tags": {
              "Name": "my-new-vpc-app-rt"
            },
            "tags_all": {
              "Name": "my-new-vpc-app-rt"
            },
            "timeouts": null,
            "vpc_id": "vpc-0fdb259309dcab5e3"
          },
          "sensitive_attributes": [],
          "private": "eyJlMmJmYjczMC1lY2FhLTExZTYtOGY4OC0zNDM2M2JjN2M0YzAiOnsiY3JlYXRlIjozMDAwMDAwMDAwMDAsImRlbGV0ZSI6MzAwMDAwMDAwMDAwLCJ1cGRhdGUiOjEyMDAwMDAwMDAwMH19",
          "dependencies": [
            "module.new_vpc.aws_vpc.new_vpc"
          ]
        }
      ]
    },
    {
      "module": "module.new_vpc",
      "mode": "managed",
      "type": "aws_route_table",
      "name": "db_subnet",
      "provider": "provider[\"registry.terraform.io/hashicorp/aws\"]",
      "instances": [
        {
          "schema_version": 0,
          "attributes": {
            "arn": "arn:aws:ec2:us-east-2:127996279847:route-table/rtb-08575e207bf388cca",
            "id": "rtb-08575e207bf388cca",
            "owner_id": "127996279847",
            "propagating_vgws": [],
            "region": "us-east-2",
            "route": [],
            "tags": {},
            "tags_all": {},
            "timeouts": null,
            "vpc_id": "vpc-0fdb259309dcab5e3"
          },
          "sensitive_attributes": [],
          "private": "eyJlMmJmYjczMC1lY2FhLTExZTYtOGY4OC0zNDM2M2JjN2M0YzAiOnsiY3JlYXRlIjozMDAwMDAwMDAwMDAsImRlbGV0ZSI6MzAwMDAwMDAwMDAwLCJ1cGRhdGUiOjEyMDAwMDAwMDAwMH19",
          "dependencies": [
            "module.new_vpc.aws_vpc.new_vpc"
          ]
        }
      ]
    },
    {
      "module": "module.new_vpc",
      "mode": "managed",
      "type": "aws_route_table",
      "name": "web_subnet",
      "provider": "provider[\"registry.terraform.io/hashicorp/aws\"]",
      "instances": [
        {
          "schema_version": 0,
          "attributes": {
            "arn": "arn:aws:ec2:us-east-2:127996279847:route-table/rtb-0fe8d24ec83260929",
            "id": "rtb-0fe8d24ec83260929",
            "owner_id": "127996279847",
            "propagating_vgws": [],
            "region": "us-east-2",
            "route": [
              {
                "carrier_gateway_id": "",
                "cidr_block": "0.0.0.0/0",
                "core_network_arn": "",
                "destination_prefix_list_id": "",
                "egress_only_gateway_id": "",
                "gateway_id": "igw-044b0fa54a0427875",
                "ipv6_cidr_block": "",
                "local_gateway_id": "",
                "nat_gateway_id": "",
                "network_interface_id": "",
                "transit_gateway_id": "",
                "vpc_endpoint_id": "",
                "vpc_peering_connection_id": ""
              }
            ],
            "tags": {
              "Name": "my-new-vpc-web-rt"
            },
            "tags_all": {
              "Name": "my-new-vpc-web-rt"
            },
            "timeouts": null,
            "vpc_id": "vpc-0fdb259309dcab5e3"
          },
          "sensitive_attributes": [],
          "private": "eyJlMmJmYjczMC1lY2FhLTExZTYtOGY4OC0zNDM2M2JjN2M0YzAiOnsiY3JlYXRlIjozMDAwMDAwMDAwMDAsImRlbGV0ZSI6MzAwMDAwMDAwMDAwLCJ1cGRhdGUiOjEyMDAwMDAwMDAwMH19",
          "dependencies": [
            "module.new_vpc.aws_internet_gateway.internet_gateway",
            "module.new_vpc.aws_vpc.new_vpc"
          ]
        }
      ]
    },
    {
      "module": "module.new_vpc",
      "mode": "managed",
      "type": "aws_route_table_association",
      "name": "app_subnet",
      "provider": "provider[\"registry.terraform.io/hashicorp/aws\"]",
      "instances": [
        {
          "index_key": 0,
          "schema_version": 0,
          "attributes": {
            "gateway_id": "",
            "id": "rtbassoc-076660c46cfa80b22",
            "region": "us-east-2",
            "route_table_id": "rtb-08c4331389a8135a9",
            "subnet_id": "subnet-05bc37191d6b20dc9",
            "timeouts": null
          },
          "sensitive_attributes": [],
          "private": "eyJlMmJmYjczMC1lY2FhLTExZTYtOGY4OC0zNDM2M2JjN2M0YzAiOnsiY3JlYXRlIjozMDAwMDAwMDAwMDAsImRlbGV0ZSI6MzAwMDAwMDAwMDAwLCJ1cGRhdGUiOjEyMDAwMDAwMDAwMH19",
          "dependencies": [
            "module.new_vpc.aws_route_table.app_subnet",
            "module.new_vpc.aws_subnet.app_subnet",
            "module.new_vpc.aws_vpc.new_vpc"
          ]
        },
        {
          "index_key": 1,
          "schema_version": 0,
          "attributes": {
            "gateway_id": "",
            "id": "rtbassoc-05dc65d45ea67dd99",
            "region": "us-east-2",
            "route_table_id": "rtb-08c4331389a8135a9",
            "subnet_id": "subnet-02e1514c6ddd7c30c",
            "timeouts": null
          },
          "sensitive_attributes": [],
          "private": "eyJlMmJmYjczMC1lY2FhLTExZTYtOGY4OC0zNDM2M2JjN2M0YzAiOnsiY3JlYXRlIjozMDAwMDAwMDAwMDAsImRlbGV0ZSI6MzAwMDAwMDAwMDAwLCJ1cGRhdGUiOjEyMDAwMDAwMDAwMH19",
          "dependencies": [
            "module.new_vpc.aws_route_table.app_subnet",
            "module.new_vpc.aws_subnet.app_subnet",
            "module.new_vpc.aws_vpc.new_vpc"
          ]
        }
      ]
    },
    {
      "module": "module.new_vpc",
      "mode": "managed",
      "type": "aws_route_table_association",
      "name": "db_subnet",
      "provider": "provider[\"registry.terraform.io/hashicorp/aws\"]",
      "instances": [
        {
          "index_key": 0,
          "schema_version": 0,
          "attributes": {
            "gateway_id": "",
            "id": "rtbassoc-0fb88eb875eb7fafe",
            "region": "us-east-2",
            "route_table_id": "rtb-08575e207bf388cca",
            "subnet_id": "subnet-0ac646af0a71fdde2",
            "timeouts": null
          },
          "sensitive_attributes": [],
          "private": "eyJlMmJmYjczMC1lY2FhLTExZTYtOGY4OC0zNDM2M2JjN2M0YzAiOnsiY3JlYXRlIjozMDAwMDAwMDAwMDAsImRlbGV0ZSI6MzAwMDAwMDAwMDAwLCJ1cGRhdGUiOjEyMDAwMDAwMDAwMH19",
          "dependencies": [
            "module.new_vpc.aws_route_table.db_subnet",
            "module.new_vpc.aws_subnet.db_subnet",
            "module.new_vpc.aws_vpc.new_vpc"
          ]
        },
        {
          "index_key": 1,
          "schema_version": 0,
          "attributes": {
            "gateway_id": "",
            "id": "rtbassoc-03985259465e09332",
            "region": "us-east-2",
            "route_table_id": "rtb-08575e207bf388cca",
            "subnet_id": "subnet-02a39c9f27cf8637a",
            "timeouts": null
          },
          "sensitive_attributes": [],
          "private": "eyJlMmJmYjczMC1lY2FhLTExZTYtOGY4OC0zNDM2M2JjN2M0YzAiOnsiY3JlYXRlIjozMDAwMDAwMDAwMDAsImRlbGV0ZSI6MzAwMDAwMDAwMDAwLCJ1cGRhdGUiOjEyMDAwMDAwMDAwMH19",
          "dependencies": [
            "module.new_vpc.aws_route_table.db_subnet",
            "module.new_vpc.aws_subnet.db_subnet",
            "module.new_vpc.aws_vpc.new_vpc"
          ]
        }
      ]
    },
    {
      "module": "module.new_vpc",
      "mode": "managed",
      "type": "aws_route_table_association",
      "name": "web_subnet",
      "provider": "provider[\"registry.terraform.io/hashicorp/aws\"]",
      "instances": [
        {
          "index_key": 0,
          "schema_version": 0,
          "attributes": {
            "gateway_id": "",
            "id": "rtbassoc-029e67680adaaef91",
            "region": "us-east-2",
            "route_table_id": "rtb-0fe8d24ec83260929",
            "subnet_id": "subnet-040fc3dd1721df2e8",
            "timeouts": null
          },
          "sensitive_attributes": [],
          "private": "eyJlMmJmYjczMC1lY2FhLTExZTYtOGY4OC0zNDM2M2JjN2M0YzAiOnsiY3JlYXRlIjozMDAwMDAwMDAwMDAsImRlbGV0ZSI6MzAwMDAwMDAwMDAwLCJ1cGRhdGUiOjEyMDAwMDAwMDAwMH19",
          "dependencies": [
            "module.new_vpc.aws_internet_gateway.internet_gateway",
            "module.new_vpc.aws_route_table.web_subnet",
            "module.new_vpc.aws_subnet.web_subnet",
            "module.new_vpc.aws_vpc.new_vpc"
          ]
        },
        {
          "index_key": 1,
          "schema_version": 0,
          "attributes": {
            "gateway_id": "",
            "id": "rtbassoc-051b85f03fd95beb1",
            "region": "us-east-2",
            "route_table_id": "rtb-0fe8d24ec83260929",
            "subnet_id": "subnet-0ff4ba43121d15199",
            "timeouts": null
          },
          "sensitive_attributes": [],
          "private": "eyJlMmJmYjczMC1lY2FhLTExZTYtOGY4OC0zNDM2M2JjN2M0YzAiOnsiY3JlYXRlIjozMDAwMDAwMDAwMDAsImRlbGV0ZSI6MzAwMDAwMDAwMDAwLCJ1cGRhdGUiOjEyMDAwMDAwMDAwMH19",
          "dependencies": [
            "module.new_vpc.aws_internet_gateway.internet_gateway",
            "module.new_vpc.aws_route_table.web_subnet",
            "module.new_vpc.aws_subnet.web_subnet",
            "module.new_vpc.aws_vpc.new_vpc"
          ]
        }
      ]
    },
    {
      "module": "module.new_vpc",
      "mode": "managed",
      "type": "aws_subnet",
      "name": "app_subnet",
      "provider": "provider[\"registry.terraform.io/hashicorp/aws\"]",
      "instances": [
        {
          "index_key": 0,
          "schema_version": 1,
          "attributes": {
            "arn": "arn:aws:ec2:us-east-2:127996279847:subnet/subnet-05bc37191d6b20dc9",
            "assign_ipv6_address_on_creation": false,
            "availability_zone": "us-east-2a",
            "availability_zone_id": "use2-az1",
            "cidr_block": "10.0.3.0/24",
            "customer_owned_ipv4_pool": "",
            "enable_dns64": false,
            "enable_lni_at_device_index": 0,
            "enable_resource_name_dns_a_record_on_launch": false,
            "enable_resource_name_dns_aaaa_record_on_launch": false,
            "id": "subnet-05bc37191d6b20dc9",
            "ipv4_ipam_pool_id": null,
            "ipv4_netmask_length": null,
            "ipv6_cidr_block": "",
            "ipv6_cidr_block_association_id": "",
            "ipv6_ipam_pool_id": null,
            "ipv6_native": false,
            "ipv6_netmask_length": null,
            "map_customer_owned_ip_on_launch": false,
            "map_public_ip_on_launch": false,
            "outpost_arn": "",
            "owner_id": "127996279847",
            "private_dns_hostname_type_on_launch": "ip-name",
            "region": "us-east-2",
            "tags": {
              "Name": "my-new-vpc-app-0"
            },
            "tags_all": {
              "Name": "my-new-vpc-app-0"
            },
            "timeouts": null,
            "vpc_id": "vpc-0fdb259309dcab5e3"
          },
          "sensitive_attributes": [],
          "private": "eyJlMmJmYjczMC1lY2FhLTExZTYtOGY4OC0zNDM2M2JjN2M0YzAiOnsiY3JlYXRlIjo2MDAwMDAwMDAwMDAsImRlbGV0ZSI6MTIwMDAwMDAwMDAwMH0sInNjaGVtYV92ZXJzaW9uIjoiMSJ9",
          "dependencies": [
            "module.new_vpc.aws_vpc.new_vpc"
          ]
        },
        {
          "index_key": 1,
          "schema_version": 1,
          "attributes": {
            "arn": "arn:aws:ec2:us-east-2:127996279847:subnet/subnet-02e1514c6ddd7c30c",
            "assign_ipv6_address_on_creation": false,
            "availability_zone": "us-east-2b",
            "availability_zone_id": "use2-az2",
            "cidr_block": "10.0.4.0/24",
            "customer_owned_ipv4_pool": "",
            "enable_dns64": false,
            "enable_lni_at_device_index": 0,
            "enable_resource_name_dns_a_record_on_launch": false,
            "enable_resource_name_dns_aaaa_record_on_launch": false,
            "id": "subnet-02e1514c6ddd7c30c",
            "ipv4_ipam_pool_id": null,
            "ipv4_netmask_length": null,
            "ipv6_cidr_block": "",
            "ipv6_cidr_block_association_id": "",
            "ipv6_ipam_pool_id": null,
            "ipv6_native": false,
            "ipv6_netmask_length": null,
            "map_customer_owned_ip_on_launch": false,
            "map_public_ip_on_launch": false,
            "outpost_arn": "",
            "owner_id": "127996279847",
            "private_dns_hostname_type_on_launch": "ip-name",
            "region": "us-east-2",
            "tags": {
              "Name": "my-new-vpc-app-1"
            },
            "tags_all": {
              "Name": "my-new-vpc-app-1"
            },
            "timeouts": null,
            "vpc_id": "vpc-0fdb259309dcab5e3"
          },
          "sensitive_attributes": [],
          "private": "eyJlMmJmYjczMC1lY2FhLTExZTYtOGY4OC0zNDM2M2JjN2M0YzAiOnsiY3JlYXRlIjo2MDAwMDAwMDAwMDAsImRlbGV0ZSI6MTIwMDAwMDAwMDAwMH0sInNjaGVtYV92ZXJzaW9uIjoiMSJ9",
          "dependencies": [
            "module.new_vpc.aws_vpc.new_vpc"
          ]
        }
      ]
    },
    {
      "module": "module.new_vpc",
      "mode": "managed",
      "type": "aws_subnet",
      "name": "db_subnet",
      "provider": "provider[\"registry.terraform.io/hashicorp/aws\"]",
      "instances": [
        {
          "index_key": 0,
          "schema_version": 1,
          "attributes": {
            "arn": "arn:aws:ec2:us-east-2:127996279847:subnet/subnet-0ac646af0a71fdde2",
            "assign_ipv6_address_on_creation": false,
            "availability_zone": "us-east-2a",
            "availability_zone_id": "use2-az1",
            "cidr_block": "10.0.5.0/24",
            "customer_owned_ipv4_pool": "",
            "enable_dns64": false,
            "enable_lni_at_device_index": 0,
            "enable_resource_name_dns_a_record_on_launch": false,
            "enable_resource_name_dns_aaaa_record_on_launch": false,
            "id": "subnet-0ac646af0a71fdde2",
            "ipv4_ipam_pool_id": null,
            "ipv4_netmask_length": null,
            "ipv6_cidr_block": "",
            "ipv6_cidr_block_association_id": "",
            "ipv6_ipam_pool_id": null,
            "ipv6_native": false,
            "ipv6_netmask_length": null,
            "map_customer_owned_ip_on_launch": false,
            "map_public_ip_on_launch": false,
            "outpost_arn": "",
            "owner_id": "127996279847",
            "private_dns_hostname_type_on_launch": "ip-name",
            "region": "us-east-2",
            "tags": {
              "Name": "my-new-vpc-db-0"
            },
            "tags_all": {
              "Name": "my-new-vpc-db-0"
            },
            "timeouts": null,
            "vpc_id": "vpc-0fdb259309dcab5e3"
          },
          "sensitive_attributes": [],
          "private": "eyJlMmJmYjczMC1lY2FhLTExZTYtOGY4OC0zNDM2M2JjN2M0YzAiOnsiY3JlYXRlIjo2MDAwMDAwMDAwMDAsImRlbGV0ZSI6MTIwMDAwMDAwMDAwMH0sInNjaGVtYV92ZXJzaW9uIjoiMSJ9",
          "dependencies": [
            "module.new_vpc.aws_vpc.new_vpc"
          ]
        },
        {
          "index_key": 1,
          "schema_version": 1,
          "attributes": {
            "arn": "arn:aws:ec2:us-east-2:127996279847:subnet/subnet-02a39c9f27cf8637a",
            "assign_ipv6_address_on_creation": false,
            "availability_zone": "us-east-2b",
            "availability_zone_id": "use2-az2",
            "cidr_block": "10.0.6.0/24",
            "customer_owned_ipv4_pool": "",
            "enable_dns64": false,
            "enable_lni_at_device_index": 0,
            "enable_resource_name_dns_a_record_on_launch": false,
            "enable_resource_name_dns_aaaa_record_on_launch": false,
            "id": "subnet-02a39c9f27cf8637a",
            "ipv4_ipam_pool_id": null,
            "ipv4_netmask_length": null,
            "ipv6_cidr_block": "",
            "ipv6_cidr_block_association_id": "",
            "ipv6_ipam_pool_id": null,
            "ipv6_native": false,
            "ipv6_netmask_length": null,
            "map_customer_owned_ip_on_launch": false,
            "map_public_ip_on_launch": false,
            "outpost_arn": "",
            "owner_id": "127996279847",
            "private_dns_hostname_type_on_launch": "ip-name",
            "region": "us-east-2",
            "tags": {
              "Name": "my-new-vpc-db-1"
            },
            "tags_all": {
              "Name": "my-new-vpc-db-1"
            },
            "timeouts": null,
            "vpc_id": "vpc-0fdb259309dcab5e3"
          },
          "sensitive_attributes": [],
          "private": "eyJlMmJmYjczMC1lY2FhLTExZTYtOGY4OC0zNDM2M2JjN2M0YzAiOnsiY3JlYXRlIjo2MDAwMDAwMDAwMDAsImRlbGV0ZSI6MTIwMDAwMDAwMDAwMH0sInNjaGVtYV92ZXJzaW9uIjoiMSJ9",
          "dependencies": [
            "module.new_vpc.aws_vpc.new_vpc"
          ]
        }
      ]
    },
    {
      "module": "module.new_vpc",
      "mode": "managed",
      "type": "aws_subnet",
      "name": "web_subnet",
      "provider": "provider[\"registry.terraform.io/hashicorp/aws\"]",
      "instances": [
        {
          "index_key": 0,
          "schema_version": 1,
          "attributes": {
            "arn": "arn:aws:ec2:us-east-2:127996279847:subnet/subnet-040fc3dd1721df2e8",
            "assign_ipv6_address_on_creation": false,
            "availability_zone": "us-east-2a",
            "availability_zone_id": "use2-az1",
            "cidr_block": "10.0.1.0/24",
            "customer_owned_ipv4_pool": "",
            "enable_dns64": false,
            "enable_lni_at_device_index": 0,
            "enable_resource_name_dns_a_record_on_launch": false,
            "enable_resource_name_dns_aaaa_record_on_launch": false,
            "id": "subnet-040fc3dd1721df2e8",
            "ipv4_ipam_pool_id": null,
            "ipv4_netmask_length": null,
            "ipv6_cidr_block": "",
            "ipv6_cidr_block_association_id": "",
            "ipv6_ipam_pool_id": null,
            "ipv6_native": false,
            "ipv6_netmask_length": null,
            "map_customer_owned_ip_on_launch": false,
            "map_public_ip_on_launch": false,
            "outpost_arn": "",
            "owner_id": "127996279847",
            "private_dns_hostname_type_on_launch": "ip-name",
            "region": "us-east-2",
            "tags": {
              "Name": "my-new-vpc-web-0"
            },
            "tags_all": {
              "Name": "my-new-vpc-web-0"
            },
            "timeouts": null,
            "vpc_id": "vpc-0fdb259309dcab5e3"
          },
          "sensitive_attributes": [],
          "private": "eyJlMmJmYjczMC1lY2FhLTExZTYtOGY4OC0zNDM2M2JjN2M0YzAiOnsiY3JlYXRlIjo2MDAwMDAwMDAwMDAsImRlbGV0ZSI6MTIwMDAwMDAwMDAwMH0sInNjaGVtYV92ZXJzaW9uIjoiMSJ9",
          "dependencies": [
            "module.new_vpc.aws_vpc.new_vpc"
          ]
        },
        {
          "index_key": 1,
          "schema_version": 1,
          "attributes": {
            "arn": "arn:aws:ec2:us-east-2:127996279847:subnet/subnet-0ff4ba43121d15199",
            "assign_ipv6_address_on_creation": false,
            "availability_zone": "us-east-2b",
            "availability_zone_id": "use2-az2",
            "cidr_block": "10.0.2.0/24",
            "customer_owned_ipv4_pool": "",
            "enable_dns64": false,
            "enable_lni_at_device_index": 0,
            "enable_resource_name_dns_a_record_on_launch": false,
            "enable_resource_name_dns_aaaa_record_on_launch": false,
            "id": "subnet-0ff4ba43121d15199",
            "ipv4_ipam_pool_id": null,
            "ipv4_netmask_length": null,
            "ipv6_cidr_block": "",
            "ipv6_cidr_block_association_id": "",
            "ipv6_ipam_pool_id": null,
            "ipv6_native": false,
            "ipv6_netmask_length": null,
            "map_customer_owned_ip_on_launch": false,
            "map_public_ip_on_launch": false,
            "outpost_arn": "",
            "owner_id": "127996279847",
            "private_dns_hostname_type_on_launch": "ip-name",
            "region": "us-east-2",
            "tags": {
              "Name": "my-new-vpc-web-1"
            },
            "tags_all": {
              "Name": "my-new-vpc-web-1"
            },
            "timeouts": null,
            "vpc_id": "vpc-0fdb259309dcab5e3"
          },
          "sensitive_attributes": [],
          "private": "eyJlMmJmYjczMC1lY2FhLTExZTYtOGY4OC0zNDM2M2JjN2M0YzAiOnsiY3JlYXRlIjo2MDAwMDAwMDAwMDAsImRlbGV0ZSI6MTIwMDAwMDAwMDAwMH0sInNjaGVtYV92ZXJzaW9uIjoiMSJ9",
          "dependencies": [
            "module.new_vpc.aws_vpc.new_vpc"
          ]
        }
      ]
    },
    {
      "module": "module.new_vpc",
      "mode": "managed",
      "type": "aws_vpc",
      "name": "new_vpc",
      "provider": "provider[\"registry.terraform.io/hashicorp/aws\"]",
      "instances": [
        {
          "schema_version": 1,
          "attributes": {
            "arn": "arn:aws:ec2:us-east-2:127996279847:vpc/vpc-0fdb259309dcab5e3",
            "assign_generated_ipv6_cidr_block": false,
            "cidr_block": "10.0.0.0/16",
            "default_network_acl_id": "acl-0e04632612dae266e",
            "default_route_table_id": "rtb-0dbf8f35bf25beec6",
            "default_security_group_id": "sg-0532cc3738688689b",
            "dhcp_options_id": "dopt-0e6434c2554521d76",
            "enable_dns_hostnames": true,
            "enable_dns_support": true,
            "enable_network_address_usage_metrics": false,
            "id": "vpc-0fdb259309dcab5e3",
            "instance_tenancy": "default",
            "ipv4_ipam_pool_id": null,
            "ipv4_netmask_length": null,
            "ipv6_association_id": "",
            "ipv6_cidr_block": "",
            "ipv6_cidr_block_network_border_group": "",
            "ipv6_ipam_pool_id": "",
            "ipv6_netmask_length": 0,
            "main_route_table_id": "rtb-0dbf8f35bf25beec6",
            "owner_id": "127996279847",
            "region": "us-east-2",
            "tags": {
              "Name": "my-new-vpc"
            },
            "tags_all": {
              "Name": "my-new-vpc"
            }
          },
          "sensitive_attributes": [],
          "private": "eyJzY2hlbWFfdmVyc2lvbiI6IjEifQ=="
        }
      ]
    }
  ],
  "check_results": null
}
